// !$*UTF8*$!
{
	archiveVersion = 1;
	classes = {
	};
	objectVersion = 50;
	objects = {

/* Begin PBXBuildFile section */
		D72C9423BDE4E13382179270 /* Pods_five_day_swift_mjRefresh.framework in Frameworks */ = {isa = PBXBuildFile; fileRef = 39082C0243243E3A70E907ED /* Pods_five_day_swift_mjRefresh.framework */; };
		FA3742BA225F25A3008423C9 /* AppDelegate.swift in Sources */ = {isa = PBXBuildFile; fileRef = FA3742B9225F25A3008423C9 /* AppDelegate.swift */; };
		FA3742BC225F25A3008423C9 /* ViewController.swift in Sources */ = {isa = PBXBuildFile; fileRef = FA3742BB225F25A3008423C9 /* ViewController.swift */; };
		FA3742BF225F25A3008423C9 /* Main.storyboard in Resources */ = {isa = PBXBuildFile; fileRef = FA3742BD225F25A3008423C9 /* Main.storyboard */; };
		FA3742C1225F25A4008423C9 /* Assets.xcassets in Resources */ = {isa = PBXBuildFile; fileRef = FA3742C0225F25A4008423C9 /* Assets.xcassets */; };
		FA3742C4225F25A4008423C9 /* LaunchScreen.storyboard in Resources */ = {isa = PBXBuildFile; fileRef = FA3742C2225F25A4008423C9 /* LaunchScreen.storyboard */; };
		FA3742CF225F25A4008423C9 /* five_day_swift_mjRefreshTests.swift in Sources */ = {isa = PBXBuildFile; fileRef = FA3742CE225F25A4008423C9 /* five_day_swift_mjRefreshTests.swift */; };
		FA3742DA225F25A4008423C9 /* five_day_swift_mjRefreshUITests.swift in Sources */ = {isa = PBXBuildFile; fileRef = FA3742D9225F25A4008423C9 /* five_day_swift_mjRefreshUITests.swift */; };
		FA84CB9F2262FF2D00910F26 /* secondViewController.swift in Sources */ = {isa = PBXBuildFile; fileRef = FA84CB9E2262FF2D00910F26 /* secondViewController.swift */; };
/* End PBXBuildFile section */

/* Begin PBXContainerItemProxy section */
		FA3742CB225F25A4008423C9 /* PBXContainerItemProxy */ = {
			isa = PBXContainerItemProxy;
			containerPortal = FA3742AE225F25A3008423C9 /* Project object */;
			proxyType = 1;
			remoteGlobalIDString = FA3742B5225F25A3008423C9;
			remoteInfo = "five-day-swift mjRefresh";
		};
		FA3742D6225F25A4008423C9 /* PBXContainerItemProxy */ = {
			isa = PBXContainerItemProxy;
			containerPortal = FA3742AE225F25A3008423C9 /* Project object */;
			proxyType = 1;
			remoteGlobalIDString = FA3742B5225F25A3008423C9;
			remoteInfo = "five-day-swift mjRefresh";
		};
/* End PBXContainerItemProxy section */

/* Begin PBXFileReference section */
		39082C0243243E3A70E907ED /* Pods_five_day_swift_mjRefresh.framework */ = {isa = PBXFileReference; explicitFileType = wrapper.framework; includeInIndex = 0; path = Pods_five_day_swift_mjRefresh.framework; sourceTree = BUILT_PRODUCTS_DIR; };
		CEA237BBB15072226A07ABE8 /* Pods-five-day-swift mjRefresh.debug.xcconfig */ = {isa = PBXFileReference; includeInIndex = 1; lastKnownFileType = text.xcconfig; name = "Pods-five-day-swift mjRefresh.debug.xcconfig"; path = "Pods/Target Support Files/Pods-five-day-swift mjRefresh/Pods-five-day-swift mjRefresh.debug.xcconfig"; sourceTree = "<group>"; };
		E4FF03354D8981D64A5207FC /* Pods-five-day-swift mjRefresh.release.xcconfig */ = {isa = PBXFileReference; includeInIndex = 1; lastKnownFileType = text.xcconfig; name = "Pods-five-day-swift mjRefresh.release.xcconfig"; path = "Pods/Target Support Files/Pods-five-day-swift mjRefresh/Pods-five-day-swift mjRefresh.release.xcconfig"; sourceTree = "<group>"; };
		FA3742B6225F25A3008423C9 /* five-day-swift mjRefresh.app */ = {isa = PBXFileReference; explicitFileType = wrapper.application; includeInIndex = 0; path = "five-day-swift mjRefresh.app"; sourceTree = BUILT_PRODUCTS_DIR; };
		FA3742B9225F25A3008423C9 /* AppDelegate.swift */ = {isa = PBXFileReference; lastKnownFileType = sourcecode.swift; path = AppDelegate.swift; sourceTree = "<group>"; };
		FA3742BB225F25A3008423C9 /* ViewController.swift */ = {isa = PBXFileReference; lastKnownFileType = sourcecode.swift; path = ViewController.swift; sourceTree = "<group>"; };
		FA3742BE225F25A3008423C9 /* Base */ = {isa = PBXFileReference; lastKnownFileType = file.storyboard; name = Base; path = Base.lproj/Main.storyboard; sourceTree = "<group>"; };
		FA3742C0225F25A4008423C9 /* Assets.xcassets */ = {isa = PBXFileReference; lastKnownFileType = folder.assetcatalog; path = Assets.xcassets; sourceTree = "<group>"; };
		FA3742C3225F25A4008423C9 /* Base */ = {isa = PBXFileReference; lastKnownFileType = file.storyboard; name = Base; path = Base.lproj/LaunchScreen.storyboard; sourceTree = "<group>"; };
		FA3742C5225F25A4008423C9 /* Info.plist */ = {isa = PBXFileReference; lastKnownFileType = text.plist.xml; path = Info.plist; sourceTree = "<group>"; };
		FA3742CA225F25A4008423C9 /* five-day-swift mjRefreshTests.xctest */ = {isa = PBXFileReference; explicitFileType = wrapper.cfbundle; includeInIndex = 0; path = "five-day-swift mjRefreshTests.xctest"; sourceTree = BUILT_PRODUCTS_DIR; };
		FA3742CE225F25A4008423C9 /* five_day_swift_mjRefreshTests.swift */ = {isa = PBXFileReference; lastKnownFileType = sourcecode.swift; path = five_day_swift_mjRefreshTests.swift; sourceTree = "<group>"; };
		FA3742D0225F25A4008423C9 /* Info.plist */ = {isa = PBXFileReference; lastKnownFileType = text.plist.xml; path = Info.plist; sourceTree = "<group>"; };
		FA3742D5225F25A4008423C9 /* five-day-swift mjRefreshUITests.xctest */ = {isa = PBXFileReference; explicitFileType = wrapper.cfbundle; includeInIndex = 0; path = "five-day-swift mjRefreshUITests.xctest"; sourceTree = BUILT_PRODUCTS_DIR; };
		FA3742D9225F25A4008423C9 /* five_day_swift_mjRefreshUITests.swift */ = {isa = PBXFileReference; lastKnownFileType = sourcecode.swift; path = five_day_swift_mjRefreshUITests.swift; sourceTree = "<group>"; };
		FA3742DB225F25A4008423C9 /* Info.plist */ = {isa = PBXFileReference; lastKnownFileType = text.plist.xml; path = Info.plist; sourceTree = "<group>"; };
		FA84CB9E2262FF2D00910F26 /* secondViewController.swift */ = {isa = PBXFileReference; lastKnownFileType = sourcecode.swift; path = secondViewController.swift; sourceTree = "<group>"; };
/* End PBXFileReference section */

/* Begin PBXFrameworksBuildPhase section */
		FA3742B3225F25A3008423C9 /* Frameworks */ = {
			isa = PBXFrameworksBuildPhase;
			buildActionMask = 2147483647;
			files = (
				D72C9423BDE4E13382179270 /* Pods_five_day_swift_mjRefresh.framework in Frameworks */,
			);
			runOnlyForDeploymentPostprocessing = 0;
		};
		FA3742C7225F25A4008423C9 /* Frameworks */ = {
			isa = PBXFrameworksBuildPhase;
			buildActionMask = 2147483647;
			files = (
			);
			runOnlyForDeploymentPostprocessing = 0;
		};
		FA3742D2225F25A4008423C9 /* Frameworks */ = {
			isa = PBXFrameworksBuildPhase;
			buildActionMask = 2147483647;
			files = (
			);
			runOnlyForDeploymentPostprocessing = 0;
		};
/* End PBXFrameworksBuildPhase section */

/* Begin PBXGroup section */
		74D97996B205F66D7BB6C4FD /* Frameworks */ = {
			isa = PBXGroup;
			children = (
				39082C0243243E3A70E907ED /* Pods_five_day_swift_mjRefresh.framework */,
			);
			name = Frameworks;
			sourceTree = "<group>";
		};
		8FA10952F527D177A1C5767C /* Pods */ = {
			isa = PBXGroup;
			children = (
				CEA237BBB15072226A07ABE8 /* Pods-five-day-swift mjRefresh.debug.xcconfig */,
				E4FF03354D8981D64A5207FC /* Pods-five-day-swift mjRefresh.release.xcconfig */,
			);
			name = Pods;
			sourceTree = "<group>";
		};
		FA3742AD225F25A3008423C9 = {
			isa = PBXGroup;
			children = (
				FA3742B8225F25A3008423C9 /* five-day-swift mjRefresh */,
				FA3742CD225F25A4008423C9 /* five-day-swift mjRefreshTests */,
				FA3742D8225F25A4008423C9 /* five-day-swift mjRefreshUITests */,
				FA3742B7225F25A3008423C9 /* Products */,
				8FA10952F527D177A1C5767C /* Pods */,
				74D97996B205F66D7BB6C4FD /* Frameworks */,
			);
			sourceTree = "<group>";
		};
		FA3742B7225F25A3008423C9 /* Products */ = {
			isa = PBXGroup;
			children = (
				FA3742B6225F25A3008423C9 /* five-day-swift mjRefresh.app */,
				FA3742CA225F25A4008423C9 /* five-day-swift mjRefreshTests.xctest */,
				FA3742D5225F25A4008423C9 /* five-day-swift mjRefreshUITests.xctest */,
			);
			name = Products;
			sourceTree = "<group>";
		};
		FA3742B8225F25A3008423C9 /* five-day-swift mjRefresh */ = {
			isa = PBXGroup;
			children = (
				FA3742B9225F25A3008423C9 /* AppDelegate.swift */,
				FA3742BB225F25A3008423C9 /* ViewController.swift */,
				FA3742BD225F25A3008423C9 /* Main.storyboard */,
				FA3742C0225F25A4008423C9 /* Assets.xcassets */,
				FA3742C2225F25A4008423C9 /* LaunchScreen.storyboard */,
				FA3742C5225F25A4008423C9 /* Info.plist */,
				FA84CB9E2262FF2D00910F26 /* secondViewController.swift */,
			);
			path = "five-day-swift mjRefresh";
			sourceTree = "<group>";
		};
		FA3742CD225F25A4008423C9 /* five-day-swift mjRefreshTests */ = {
			isa = PBXGroup;
			children = (
				FA3742CE225F25A4008423C9 /* five_day_swift_mjRefreshTests.swift */,
				FA3742D0225F25A4008423C9 /* Info.plist */,
			);
			path = "five-day-swift mjRefreshTests";
			sourceTree = "<group>";
		};
		FA3742D8225F25A4008423C9 /* five-day-swift mjRefreshUITests */ = {
			isa = PBXGroup;
			children = (
				FA3742D9225F25A4008423C9 /* five_day_swift_mjRefreshUITests.swift */,
				FA3742DB225F25A4008423C9 /* Info.plist */,
			);
			path = "five-day-swift mjRefreshUITests";
			sourceTree = "<group>";
		};
/* End PBXGroup section */

/* Begin PBXNativeTarget section */
		FA3742B5225F25A3008423C9 /* five-day-swift mjRefresh */ = {
			isa = PBXNativeTarget;
			buildConfigurationList = FA3742DE225F25A4008423C9 /* Build configuration list for PBXNativeTarget "five-day-swift mjRefresh" */;
			buildPhases = (
				DC0D3245C3E914895A3CC5B9 /* [CP] Check Pods Manifest.lock */,
				FA3742B2225F25A3008423C9 /* Sources */,
				FA3742B3225F25A3008423C9 /* Frameworks */,
				FA3742B4225F25A3008423C9 /* Resources */,
				184C7D5D7D9630D60C1A1753 /* [CP] Embed Pods Frameworks */,
			);
			buildRules = (
			);
			dependencies = (
			);
			name = "five-day-swift mjRefresh";
			productName = "five-day-swift mjRefresh";
			productReference = FA3742B6225F25A3008423C9 /* five-day-swift mjRefresh.app */;
			productType = "com.apple.product-type.application";
		};
		FA3742C9225F25A4008423C9 /* five-day-swift mjRefreshTests */ = {
			isa = PBXNativeTarget;
			buildConfigurationList = FA3742E1225F25A4008423C9 /* Build configuration list for PBXNativeTarget "five-day-swift mjRefreshTests" */;
			buildPhases = (
				FA3742C6225F25A4008423C9 /* Sources */,
				FA3742C7225F25A4008423C9 /* Frameworks */,
				FA3742C8225F25A4008423C9 /* Resources */,
			);
			buildRules = (
			);
			dependencies = (
				FA3742CC225F25A4008423C9 /* PBXTargetDependency */,
			);
			name = "five-day-swift mjRefreshTests";
			productName = "five-day-swift mjRefreshTests";
			productReference = FA3742CA225F25A4008423C9 /* five-day-swift mjRefreshTests.xctest */;
			productType = "com.apple.product-type.bundle.unit-test";
		};
		FA3742D4225F25A4008423C9 /* five-day-swift mjRefreshUITests */ = {
			isa = PBXNativeTarget;
			buildConfigurationList = FA3742E4225F25A4008423C9 /* Build configuration list for PBXNativeTarget "five-day-swift mjRefreshUITests" */;
			buildPhases = (
				FA3742D1225F25A4008423C9 /* Sources */,
				FA3742D2225F25A4008423C9 /* Frameworks */,
				FA3742D3225F25A4008423C9 /* Resources */,
			);
			buildRules = (
			);
			dependencies = (
				FA3742D7225F25A4008423C9 /* PBXTargetDependency */,
			);
			name = "five-day-swift mjRefreshUITests";
			productName = "five-day-swift mjRefreshUITests";
			productReference = FA3742D5225F25A4008423C9 /* five-day-swift mjRefreshUITests.xctest */;
			productType = "com.apple.product-type.bundle.ui-testing";
		};
/* End PBXNativeTarget section */

/* Begin PBXProject section */
		FA3742AE225F25A3008423C9 /* Project object */ = {
			isa = PBXProject;
			attributes = {
				LastSwiftUpdateCheck = 1010;
				LastUpgradeCheck = 1010;
				ORGANIZATIONNAME = MacBookPro;
				TargetAttributes = {
					FA3742B5225F25A3008423C9 = {
						CreatedOnToolsVersion = 10.1;
					};
					FA3742C9225F25A4008423C9 = {
						CreatedOnToolsVersion = 10.1;
						TestTargetID = FA3742B5225F25A3008423C9;
					};
					FA3742D4225F25A4008423C9 = {
						CreatedOnToolsVersion = 10.1;
						TestTargetID = FA3742B5225F25A3008423C9;
					};
				};
			};
			buildConfigurationList = FA3742B1225F25A3008423C9 /* Build configuration list for PBXProject "five-day-swift mjRefresh" */;
			compatibilityVersion = "Xcode 9.3";
			developmentRegion = en;
			hasScannedForEncodings = 0;
			knownRegions = (
				en,
				Base,
			);
			mainGroup = FA3742AD225F25A3008423C9;
			productRefGroup = FA3742B7225F25A3008423C9 /* Products */;
			projectDirPath = "";
			projectRoot = "";
			targets = (
				FA3742B5225F25A3008423C9 /* five-day-swift mjRefresh */,
				FA3742C9225F25A4008423C9 /* five-day-swift mjRefreshTests */,
				FA3742D4225F25A4008423C9 /* five-day-swift mjRefreshUITests */,
			);
		};
/* End PBXProject section */

/* Begin PBXResourcesBuildPhase section */
		FA3742B4225F25A3008423C9 /* Resources */ = {
			isa = PBXResourcesBuildPhase;
			buildActionMask = 2147483647;
			files = (
				FA3742C4225F25A4008423C9 /* LaunchScreen.storyboard in Resources */,
				FA3742C1225F25A4008423C9 /* Assets.xcassets in Resources */,
				FA3742BF225F25A3008423C9 /* Main.storyboard in Resources */,
			);
			runOnlyForDeploymentPostprocessing = 0;
		};
		FA3742C8225F25A4008423C9 /* Resources */ = {
			isa = PBXResourcesBuildPhase;
			buildActionMask = 2147483647;
			files = (
			);
			runOnlyForDeploymentPostprocessing = 0;
		};
		FA3742D3225F25A4008423C9 /* Resources */ = {
			isa = PBXResourcesBuildPhase;
			buildActionMask = 2147483647;
			files = (
			);
			runOnlyForDeploymentPostprocessing = 0;
		};
/* End PBXResourcesBuildPhase section */

/* Begin PBXShellScriptBuildPhase section */
		184C7D5D7D9630D60C1A1753 /* [CP] Embed Pods Frameworks */ = {
			isa = PBXShellScriptBuildPhase;
			buildActionMask = 2147483647;
			files = (
			);
			inputFileListPaths = (
			);
			inputPaths = (
				"${SRCROOT}/Pods/Target Support Files/Pods-five-day-swift mjRefresh/Pods-five-day-swift mjRefresh-frameworks.sh",
				"${BUILT_PRODUCTS_DIR}/SnapKit/SnapKit.framework",
			);
			name = "[CP] Embed Pods Frameworks";
			outputFileListPaths = (
			);
			outputPaths = (
				"${TARGET_BUILD_DIR}/${FRAMEWORKS_FOLDER_PATH}/SnapKit.framework",
			);
			runOnlyForDeploymentPostprocessing = 0;
			shellPath = /bin/sh;
			shellScript = "\"${SRCROOT}/Pods/Target Support Files/Pods-five-day-swift mjRefresh/Pods-five-day-swift mjRefresh-frameworks.sh\"\n";
			showEnvVarsInLog = 0;
		};
		DC0D3245C3E914895A3CC5B9 /* [CP] Check Pods Manifest.lock */ = {
			isa = PBXShellScriptBuildPhase;
			buildActionMask = 2147483647;
			files = (
			);
			inputFileListPaths = (
			);
			inputPaths = (
				"${PODS_PODFILE_DIR_PATH}/Podfile.lock",
				"${PODS_ROOT}/Manifest.lock",
			);
			name = "[CP] Check Pods Manifest.lock";
			outputFileListPaths = (
			);
			outputPaths = (
				"$(DERIVED_FILE_DIR)/Pods-five-day-swift mjRefresh-checkManifestLockResult.txt",
			);
			runOnlyForDeploymentPostprocessing = 0;
			shellPath = /bin/sh;
			shellScript = "diff \"${PODS_PODFILE_DIR_PATH}/Podfile.lock\" \"${PODS_ROOT}/Manifest.lock\" > /dev/null\nif [ $? != 0 ] ; then\n    # print error to STDERR\n    echo \"error: The sandbox is not in sync with the Podfile.lock. Run 'pod install' or update your CocoaPods installation.\" >&2\n    exit 1\nfi\n# This output is used by Xcode 'outputs' to avoid re-running this script phase.\necho \"SUCCESS\" > \"${SCRIPT_OUTPUT_FILE_0}\"\n";
			showEnvVarsInLog = 0;
		};
/* End PBXShellScriptBuildPhase section */

/* Begin PBXSourcesBuildPhase section */
		FA3742B2225F25A3008423C9 /* Sources */ = {
			isa = PBXSourcesBuildPhase;
			buildActionMask = 2147483647;
			files = (
				FA84CB9F2262FF2D00910F26 /* secondViewController.swift in Sources */,
				FA3742BC225F25A3008423C9 /* ViewController.swift in Sources */,
				FA3742BA225F25A3008423C9 /* AppDelegate.swift in Sources */,
			);
			runOnlyForDeploymentPostprocessing = 0;
		};
		FA3742C6225F25A4008423C9 /* Sources */ = {
			isa = PBXSourcesBuildPhase;
			buildActionMask = 2147483647;
			files = (
				FA3742CF225F25A4008423C9 /* five_day_swift_mjRefreshTests.swift in Sources */,
			);
			runOnlyForDeploymentPostprocessing = 0;
		};
		FA3742D1225F25A4008423C9 /* Sources */ = {
			isa = PBXSourcesBuildPhase;
			buildActionMask = 2147483647;
			files = (
				FA3742DA225F25A4008423C9 /* five_day_swift_mjRefreshUITests.swift in Sources */,
			);
			runOnlyForDeploymentPostprocessing = 0;
		};
/* End PBXSourcesBuildPhase section */

/* Begin PBXTargetDependency section */
		FA3742CC225F25A4008423C9 /* PBXTargetDependency */ = {
			isa = PBXTargetDependency;
			target = FA3742B5225F25A3008423C9 /* five-day-swift mjRefresh */;
			targetProxy = FA3742CB225F25A4008423C9 /* PBXContainerItemProxy */;
		};
		FA3742D7225F25A4008423C9 /* PBXTargetDependency */ = {
			isa = PBXTargetDependency;
			target = FA3742B5225F25A3008423C9 /* five-day-swift mjRefresh */;
			targetProxy = FA3742D6225F25A4008423C9 /* PBXContainerItemProxy */;
		};
/* End PBXTargetDependency section */

/* Begin PBXVariantGroup section */
		FA3742BD225F25A3008423C9 /* Main.storyboard */ = {
			isa = PBXVariantGroup;
			children = (
				FA3742BE225F25A3008423C9 /* Base */,
			);
			name = Main.storyboard;
			sourceTree = "<group>";
		};
		FA3742C2225F25A4008423C9 /* LaunchScreen.storyboard */ = {
			isa = PBXVariantGroup;
			children = (
				FA3742C3225F25A4008423C9 /* Base */,
			);
			name = LaunchScreen.storyboard;
			sourceTree = "<group>";
		};
/* End PBXVariantGroup section */

/* Begin XCBuildConfiguration section */
		FA3742DC225F25A4008423C9 /* Debug */ = {
			isa = XCBuildConfiguration;
			buildSettings = {
				ALWAYS_SEARCH_USER_PATHS = NO;
				CLANG_ANALYZER_NONNULL = YES;
				CLANG_ANALYZER_NUMBER_OBJECT_CONVERSION = YES_AGGRESSIVE;
				CLANG_CXX_LANGUAGE_STANDARD = "gnu++14";
				CLANG_CXX_LIBRARY = "libc++";
				CLANG_ENABLE_MODULES = YES;
				CLANG_ENABLE_OBJC_ARC = YES;
				CLANG_ENABLE_OBJC_WEAK = YES;
				CLANG_WARN_BLOCK_CAPTURE_AUTORELEASING = YES;
				CLANG_WARN_BOOL_CONVERSION = YES;
				CLANG_WARN_COMMA = YES;
				CLANG_WARN_CONSTANT_CONVERSION = YES;
				CLANG_WARN_DEPRECATED_OBJC_IMPLEMENTATIONS = YES;
				CLANG_WARN_DIRECT_OBJC_ISA_USAGE = YES_ERROR;
				CLANG_WARN_DOCUMENTATION_COMMENTS = YES;
				CLANG_WARN_EMPTY_BODY = YES;
				CLANG_WARN_ENUM_CONVERSION = YES;
				CLANG_WARN_INFINITE_RECURSION = YES;
				CLANG_WARN_INT_CONVERSION = YES;
				CLANG_WARN_NON_LITERAL_NULL_CONVERSION = YES;
				CLANG_WARN_OBJC_IMPLICIT_RETAIN_SELF = YES;
				CLANG_WARN_OBJC_LITERAL_CONVERSION = YES;
				CLANG_WARN_OBJC_ROOT_CLASS = YES_ERROR;
				CLANG_WARN_RANGE_LOOP_ANALYSIS = YES;
				CLANG_WARN_STRICT_PROTOTYPES = YES;
				CLANG_WARN_SUSPICIOUS_MOVE = YES;
				CLANG_WARN_UNGUARDED_AVAILABILITY = YES_AGGRESSIVE;
				CLANG_WARN_UNREACHABLE_CODE = YES;
				CLANG_WARN__DUPLICATE_METHOD_MATCH = YES;
				CODE_SIGN_IDENTITY = "iPhone Developer";
				COPY_PHASE_STRIP = NO;
				DEBUG_INFORMATION_FORMAT = dwarf;
				ENABLE_STRICT_OBJC_MSGSEND = YES;
				ENABLE_TESTABILITY = YES;
				GCC_C_LANGUAGE_STANDARD = gnu11;
				GCC_DYNAMIC_NO_PIC = NO;
				GCC_NO_COMMON_BLOCKS = YES;
				GCC_OPTIMIZATION_LEVEL = 0;
				GCC_PREPROCESSOR_DEFINITIONS = (
					"DEBUG=1",
					"$(inherited)",
				);
				GCC_WARN_64_TO_32_BIT_CONVERSION = YES;
				GCC_WARN_ABOUT_RETURN_TYPE = YES_ERROR;
				GCC_WARN_UNDECLARED_SELECTOR = YES;
				GCC_WARN_UNINITIALIZED_AUTOS = YES_AGGRESSIVE;
				GCC_WARN_UNUSED_FUNCTION = YES;
				GCC_WARN_UNUSED_VARIABLE = YES;
				IPHONEOS_DEPLOYMENT_TARGET = 12.1;
				MTL_ENABLE_DEBUG_INFO = INCLUDE_SOURCE;
				MTL_FAST_MATH = YES;
				ONLY_ACTIVE_ARCH = YES;
				SDKROOT = iphoneos;
				SWIFT_ACTIVE_COMPILATION_CONDITIONS = DEBUG;
				SWIFT_OPTIMIZATION_LEVEL = "-Onone";
			};
			name = Debug;
		};
		FA3742DD225F25A4008423C9 /* Release */ = {
			isa = XCBuildConfiguration;
			buildSettings = {
				ALWAYS_SEARCH_USER_PATHS = NO;
				CLANG_ANALYZER_NONNULL = YES;
				CLANG_ANALYZER_NUMBER_OBJECT_CONVERSION = YES_AGGRESSIVE;
				CLANG_CXX_LANGUAGE_STANDARD = "gnu++14";
				CLANG_CXX_LIBRARY = "libc++";
				CLANG_ENABLE_MODULES = YES;
				CLANG_ENABLE_OBJC_ARC = YES;
				CLANG_ENABLE_OBJC_WEAK = YES;
				CLANG_WARN_BLOCK_CAPTURE_AUTORELEASING = YES;
				CLANG_WARN_BOOL_CONVERSION = YES;
				CLANG_WARN_COMMA = YES;
				CLANG_WARN_CONSTANT_CONVERSION = YES;
				CLANG_WARN_DEPRECATED_OBJC_IMPLEMENTATIONS = YES;
				CLANG_WARN_DIRECT_OBJC_ISA_USAGE = YES_ERROR;
				CLANG_WARN_DOCUMENTATION_COMMENTS = YES;
				CLANG_WARN_EMPTY_BODY = YES;
				CLANG_WARN_ENUM_CONVERSION = YES;
				CLANG_WARN_INFINITE_RECURSION = YES;
				CLANG_WARN_INT_CONVERSION = YES;
				CLANG_WARN_NON_LITERAL_NULL_CONVERSION = YES;
				CLANG_WARN_OBJC_IMPLICIT_RETAIN_SELF = YES;
				CLANG_WARN_OBJC_LITERAL_CONVERSION = YES;
				CLANG_WARN_OBJC_ROOT_CLASS = YES_ERROR;
				CLANG_WARN_RANGE_LOOP_ANALYSIS = YES;
				CLANG_WARN_STRICT_PROTOTYPES = YES;
				CLANG_WARN_SUSPICIOUS_MOVE = YES;
				CLANG_WARN_UNGUARDED_AVAILABILITY = YES_AGGRESSIVE;
				CLANG_WARN_UNREACHABLE_CODE = YES;
				CLANG_WARN__DUPLICATE_METHOD_MATCH = YES;
				CODE_SIGN_IDENTITY = "iPhone Developer";
				COPY_PHASE_STRIP = NO;
				DEBUG_INFORMATION_FORMAT = "dwarf-with-dsym";
				ENABLE_NS_ASSERTIONS = NO;
				ENABLE_STRICT_OBJC_MSGSEND = YES;
				GCC_C_LANGUAGE_STANDARD = gnu11;
				GCC_NO_COMMON_BLOCKS = YES;
				GCC_WARN_64_TO_32_BIT_CONVERSION = YES;
				GCC_WARN_ABOUT_RETURN_TYPE = YES_ERROR;
				GCC_WARN_UNDECLARED_SELECTOR = YES;
				GCC_WARN_UNINITIALIZED_AUTOS = YES_AGGRESSIVE;
				GCC_WARN_UNUSED_FUNCTION = YES;
				GCC_WARN_UNUSED_VARIABLE = YES;
				IPHONEOS_DEPLOYMENT_TARGET = 12.1;
				MTL_ENABLE_DEBUG_INFO = NO;
				MTL_FAST_MATH = YES;
				SDKROOT = iphoneos;
				SWIFT_COMPILATION_MODE = wholemodule;
				SWIFT_OPTIMIZATION_LEVEL = "-O";
				VALIDATE_PRODUCT = YES;
			};
			name = Release;
		};
		FA3742DF225F25A4008423C9 /* Debug */ = {
			isa = XCBuildConfiguration;
			baseConfigurationReference = CEA237BBB15072226A07ABE8 /* Pods-five-day-swift mjRefresh.debug.xcconfig */;
			buildSettings = {
				ASSETCATALOG_COMPILER_APPICON_NAME = AppIcon;
				CODE_SIGN_STYLE = Automatic;
				DEVELOPMENT_TEAM = 9G4QXL6SA6;
				INFOPLIST_FILE = "five-day-swift mjRefresh/Info.plist";
				IPHONEOS_DEPLOYMENT_TARGET = 10.0;
				LD_RUNPATH_SEARCH_PATHS = (
					"$(inherited)",
					"@executable_path/Frameworks",
				);
				PRODUCT_BUNDLE_IDENTIFIER = "com.qingyutong.five-day-swift-mjRefresh";
				PRODUCT_NAME = "$(TARGET_NAME)";
				SWIFT_VERSION = 4.2;
				TARGETED_DEVICE_FAMILY = "1,2";
			};
			name = Debug;
		};
		FA3742E0225F25A4008423C9 /* Release */ = {
			isa = XCBuildConfiguration;
			baseConfigurationReference = E4FF03354D8981D64A5207FC /* Pods-five-day-swift mjRefresh.release.xcconfig */;
			buildSettings = {
				ASSETCATALOG_COMPILER_APPICON_NAME = AppIcon;
				CODE_SIGN_STYLE = Automatic;
				DEVELOPMENT_TEAM = 9G4QXL6SA6;
				INFOPLIST_FILE = "five-day-swift mjRefresh/Info.plist";
				IPHONEOS_DEPLOYMENT_TARGET = 10.0;
				LD_RUNPATH_SEARCH_PATHS = (
					"$(inherited)",
					"@executable_path/Frameworks",
				);
				PRODUCT_BUNDLE_IDENTIFIER = "com.qingyutong.five-day-swift-mjRefresh";
				PRODUCT_NAME = "$(TARGET_NAME)";
				SWIFT_VERSION = 4.2;
				TARGETED_DEVICE_FAMILY = "1,2";
			};
			name = Release;
		};
		FA3742E2225F25A4008423C9 /* Debug */ = {
			isa = XCBuildConfiguration;
			buildSettings = {
				ALWAYS_EMBED_SWIFT_STANDARD_LIBRARIES = YES;
				BUNDLE_LOADER = "$(TEST_HOST)";
				CODE_SIGN_STYLE = Automatic;
				DEVELOPMENT_TEAM = 9G4QXL6SA6;
				INFOPLIST_FILE = "five-day-swift mjRefreshTests/Info.plist";
				LD_RUNPATH_SEARCH_PATHS = (
					"$(inherited)",
					"@executable_path/Frameworks",
					"@loader_path/Frameworks",
				);
				PRODUCT_BUNDLE_IDENTIFIER = "com.qingyutong.five-day-swift-mjRefreshTests";
				PRODUCT_NAME = "$(TARGET_NAME)";
				SWIFT_VERSION = 4.2;
				TARGETED_DEVICE_FAMILY = "1,2";
				TEST_HOST = "$(BUILT_PRODUCTS_DIR)/five-day-swift mjRefresh.app/five-day-swift mjRefresh";
			};
			name = Debug;
		};
		FA3742E3225F25A4008423C9 /* Release */ = {
			isa = XCBuildConfiguration;
			buildSettings = {
				ALWAYS_EMBED_SWIFT_STANDARD_LIBRARIES = YES;
				BUNDLE_LOADER = "$(TEST_HOST)";
				CODE_SIGN_STYLE = Automatic;
				DEVELOPMENT_TEAM = 9G4QXL6SA6;
				INFOPLIST_FILE = "five-day-swift mjRefreshTests/Info.plist";
				LD_RUNPATH_SEARCH_PATHS = (
					"$(inherited)",
					"@executable_path/Frameworks",
					"@loader_path/Frameworks",
				);
				PRODUCT_BUNDLE_IDENTIFIER = "com.qingyutong.five-day-swift-mjRefreshTests";
				PRODUCT_NAME = "$(TARGET_NAME)";
				SWIFT_VERSION = 4.2;
				TARGETED_DEVICE_FAMILY = "1,2";
				TEST_HOST = "$(BUILT_PRODUCTS_DIR)/five-day-swift mjRefresh.app/five-day-swift mjRefresh";
			};
			name = Release;
		};
		FA3742E5225F25A4008423C9 /* Debug */ = {
			isa = XCBuildConfiguration;
			buildSettings = {
				ALWAYS_EMBED_SWIFT_STANDARD_LIBRARIES = YES;
				CODE_SIGN_STYLE = Automatic;
				DEVELOPMENT_TEAM = 9G4QXL6SA6;
				INFOPLIST_FILE = "five-day-swift mjRefreshUITests/Info.plist";
				LD_RUNPATH_SEARCH_PATHS = (
					"$(inherited)",
					"@executable_path/Frameworks",
					"@loader_path/Frameworks",
				);
				PRODUCT_BUNDLE_IDENTIFIER = "com.qingyutong.five-day-swift-mjRefreshUITests";
				PRODUCT_NAME = "$(TARGET_NAME)";
				SWIFT_VERSION = 4.2;
				TARGETED_DEVICE_FAMILY = "1,2";
				TEST_TARGET_NAME = "five-day-swift mjRefresh";
			};
			name = Debug;
		};
		FA3742E6225F25A4008423C9 /* Release */ = {
			isa = XCBuildConfiguration;
			buildSettings = {
				ALWAYS_EMBED_SWIFT_STANDARD_LIBRARIES = YES;
				CODE_SIGN_STYLE = Automatic;
				DEVELOPMENT_TEAM = 9G4QXL6SA6;
				INFOPLIST_FILE = "five-day-swift mjRefreshUITests/Info.plist";
				LD_RUNPATH_SEARCH_PATHS = (
					"$(inherited)",
					"@executable_path/Frameworks",
					"@loader_path/Frameworks",
				);
				PRODUCT_BUNDLE_IDENTIFIER = "com.qingyutong.five-day-swift-mjRefreshUITests";
				PRODUCT_NAME = "$(TARGET_NAME)";
				SWIFT_VERSION = 4.2;
				TARGETED_DEVICE_FAMILY = "1,2";
				TEST_TARGET_NAME = "five-day-swift mjRefresh";
			};
			name = Release;
		};
/* End XCBuildConfiguration section */

/* Begin XCConfigurationList section */
		FA3742B1225F25A3008423C9 /* Build configuration list for PBXProject "five-day-swift mjRefresh" */ = {
			isa = XCConfigurationList;
			buildConfigurations = (
				FA3742DC225F25A4008423C9 /* Debug */,
				FA3742DD225F25A4008423C9 /* Release */,
			);
			defaultConfigurationIsVisible = 0;
			defaultConfigurationName = Release;
		};
		FA3742DE225F25A4008423C9 /* Build configuration list for PBXNativeTarget "five-day-swift mjRefresh" */ = {
			isa = XCConfigurationList;
			buildConfigurations = (
				FA3742DF225F25A4008423C9 /* Debug */,
				FA3742E0225F25A4008423C9 /* Release */,
			);
			defaultConfigurationIsVisible = 0;
			defaultConfigurationName = Release;
		};
		FA3742E1225F25A4008423C9 /* Build configuration list for PBXNativeTarget "five-day-swift mjRefreshTests" */ = {
			isa = XCConfigurationList;
			buildConfigurations = (
				FA3742E2225F25A4008423C9 /* Debug */,
				FA3742E3225F25A4008423C9 /* Release */,
			);
			defaultConfigurationIsVisible = 0;
			defaultConfigurationName = Release;
		};
		FA3742E4225F25A4008423C9 /* Build configuration list for PBXNativeTarget "five-day-swift mjRefreshUITests" */ = {
			isa = XCConfigurationList;
			buildConfigurations = (
				FA3742E5225F25A4008423C9 /* Debug */,
				FA3742E6225F25A4008423C9 /* Release */,
			);
			defaultConfigurationIsVisible = 0;
			defaultConfigurationName = Release;
		};
/* End XCConfigurationList section */
	};
	rootObject = FA3742AE225F25A3008423C9 /* Project object */;
}
